
Microsoft Visual Studio Solution File, Format Version 12.00
# Visual Studio Version 17
VisualStudioVersion = 17.4.33205.214
MinimumVisualStudioVersion = 10.0.40219.1
Project("{9A19103F-16F7-4668-BE54-9A1E7A4F7556}") = "R7.DesignPatterns", "R7.DesignPatterns\R7.DesignPatterns.csproj", "{ECF265D1-FAE0-41F7-8637-0CB6F9B180D2}"
EndProject
Project("{9A19103F-16F7-4668-BE54-9A1E7A4F7556}") = "R7.TicTacToe", "R7.TicTacToe\R7.TicTacToe.csproj", "{C64F514B-2AB4-47E3-A50B-4AF7DF21077A}"
EndProject
Project("{9A19103F-16F7-4668-BE54-9A1E7A4F7556}") = "R7.TicTacToe.Strategy", "R7.TicTacToe.Strategy\R7.TicTacToe.Strategy.csproj", "{E80C8F70-75A6-40E6-AA8C-5EA9077F9689}"
EndProject
Project("{9A19103F-16F7-4668-BE54-9A1E7A4F7556}") = "R7.SnakeAndLadders", "R7.SnakeAndLadders\R7.SnakeAndLadders.csproj", "{AE445B2E-1AAC-445D-8D63-8A5DB6A0B6CF}"
EndProject
Project("{FAE04EC0-301F-11D3-BF4B-00C04F79EFBC}") = "R7.ParkingLot", "R7.ParkingLot\R7.ParkingLot.csproj", "{43473513-8C54-4B3B-BEAF-798AE80EAB61}"
EndProject
Global
	GlobalSection(SolutionConfigurationPlatforms) = preSolution
		Debug|Any CPU = Debug|Any CPU
		Release|Any CPU = Release|Any CPU
	EndGlobalSection
	GlobalSection(ProjectConfigurationPlatforms) = postSolution
		{ECF265D1-FAE0-41F7-8637-0CB6F9B180D2}.Debug|Any CPU.ActiveCfg = Debug|Any CPU
		{ECF265D1-FAE0-41F7-8637-0CB6F9B180D2}.Debug|Any CPU.Build.0 = Debug|Any CPU
		{ECF265D1-FAE0-41F7-8637-0CB6F9B180D2}.Release|Any CPU.ActiveCfg = Release|Any CPU
		{ECF265D1-FAE0-41F7-8637-0CB6F9B180D2}.Release|Any CPU.Build.0 = Release|Any CPU
		{C64F514B-2AB4-47E3-A50B-4AF7DF21077A}.Debug|Any CPU.ActiveCfg = Debug|Any CPU
		{C64F514B-2AB4-47E3-A50B-4AF7DF21077A}.Debug|Any CPU.Build.0 = Debug|Any CPU
		{C64F514B-2AB4-47E3-A50B-4AF7DF21077A}.Release|Any CPU.ActiveCfg = Release|Any CPU
		{C64F514B-2AB4-47E3-A50B-4AF7DF21077A}.Release|Any CPU.Build.0 = Release|Any CPU
		{E80C8F70-75A6-40E6-AA8C-5EA9077F9689}.Debug|Any CPU.ActiveCfg = Debug|Any CPU
		{E80C8F70-75A6-40E6-AA8C-5EA9077F9689}.Debug|Any CPU.Build.0 = Debug|Any CPU
		{E80C8F70-75A6-40E6-AA8C-5EA9077F9689}.Release|Any CPU.ActiveCfg = Release|Any CPU
		{E80C8F70-75A6-40E6-AA8C-5EA9077F9689}.Release|Any CPU.Build.0 = Release|Any CPU
		{AE445B2E-1AAC-445D-8D63-8A5DB6A0B6CF}.Debug|Any CPU.ActiveCfg = Debug|Any CPU
		{AE445B2E-1AAC-445D-8D63-8A5DB6A0B6CF}.Debug|Any CPU.Build.0 = Debug|Any CPU
		{AE445B2E-1AAC-445D-8D63-8A5DB6A0B6CF}.Release|Any CPU.ActiveCfg = Release|Any CPU
		{AE445B2E-1AAC-445D-8D63-8A5DB6A0B6CF}.Release|Any CPU.Build.0 = Release|Any CPU
		{43473513-8C54-4B3B-BEAF-798AE80EAB61}.Debug|Any CPU.ActiveCfg = Debug|Any CPU
		{43473513-8C54-4B3B-BEAF-798AE80EAB61}.Debug|Any CPU.Build.0 = Debug|Any CPU
		{43473513-8C54-4B3B-BEAF-798AE80EAB61}.Release|Any CPU.ActiveCfg = Release|Any CPU
		{43473513-8C54-4B3B-BEAF-798AE80EAB61}.Release|Any CPU.Build.0 = Release|Any CPU
	EndGlobalSection
	GlobalSection(SolutionProperties) = preSolution
		HideSolutionNode = FALSE
	EndGlobalSection
	GlobalSection(ExtensibilityGlobals) = postSolution
		SolutionGuid = {652E4E35-9DAF-406B-AD49-243106F05DBA}
	EndGlobalSection
EndGlobal
